
Microsoft Visual Studio Solution File, Format Version 12.00
# Visual Studio 15
VisualStudioVersion = 15.0.28307.705
MinimumVisualStudioVersion = 10.0.40219.1
Project("{FAE04EC0-301F-11D3-BF4B-00C04F79EFBC}") = "QueryToArray", "QueryToArray\QueryToArray.csproj", "{F17ADEE7-D59E-4E08-A8BD-79E9A08EA738}"
EndProject
Project("{FAE04EC0-301F-11D3-BF4B-00C04F79EFBC}") = "JoinOperators", "JoinOperators\JoinOperators.csproj", "{D1D1E1B7-A51B-4F5C-8771-EF0DA5BC1463}"
EndProject
Global
	GlobalSection(SolutionConfigurationPlatforms) = preSolution
		Debug|Any CPU = Debug|Any CPU
		Release|Any CPU = Release|Any CPU
	EndGlobalSection
	GlobalSection(ProjectConfigurationPlatforms) = postSolution
		{F17ADEE7-D59E-4E08-A8BD-79E9A08EA738}.Debug|Any CPU.ActiveCfg = Debug|Any CPU
		{F17ADEE7-D59E-4E08-A8BD-79E9A08EA738}.Debug|Any CPU.Build.0 = Debug|Any CPU
		{F17ADEE7-D59E-4E08-A8BD-79E9A08EA738}.Release|Any CPU.ActiveCfg = Release|Any CPU
		{F17ADEE7-D59E-4E08-A8BD-79E9A08EA738}.Release|Any CPU.Build.0 = Release|Any CPU
		{D1D1E1B7-A51B-4F5C-8771-EF0DA5BC1463}.Debug|Any CPU.ActiveCfg = Debug|Any CPU
		{D1D1E1B7-A51B-4F5C-8771-EF0DA5BC1463}.Debug|Any CPU.Build.0 = Debug|Any CPU
		{D1D1E1B7-A51B-4F5C-8771-EF0DA5BC1463}.Release|Any CPU.ActiveCfg = Release|Any CPU
		{D1D1E1B7-A51B-4F5C-8771-EF0DA5BC1463}.Release|Any CPU.Build.0 = Release|Any CPU
	EndGlobalSection
	GlobalSection(SolutionProperties) = preSolution
		HideSolutionNode = FALSE
	EndGlobalSection
	GlobalSection(ExtensibilityGlobals) = postSolution
		SolutionGuid = {2ABD53C3-E5D5-4774-B60E-C3D9C60BD72D}
	EndGlobalSection
EndGlobal
